
Microsoft Visual Studio Solution File, Format Version 12.00
# Visual Studio 2013
VisualStudioVersion = 12.0.31101.0
MinimumVisualStudioVersion = 10.0.40219.1
Project("{FAE04EC0-301F-11D3-BF4B-00C04F79EFBC}") = "Notificaciones.Web", "Notificaciones.Web\Notificaciones.Web.csproj", "{56DFB330-4AED-4180-AB24-56705EF276DD}"
EndProject
Global
	GlobalSection(SolutionConfigurationPlatforms) = preSolution
		Debug|Any CPU = Debug|Any CPU
		Release|Any CPU = Release|Any CPU
	EndGlobalSection
	GlobalSection(ProjectConfigurationPlatforms) = postSolution
		{56DFB330-4AED-4180-AB24-56705EF276DD}.Debug|Any CPU.ActiveCfg = Debug|Any CPU
		{56DFB330-4AED-4180-AB24-56705EF276DD}.Debug|Any CPU.Build.0 = Debug|Any CPU
		{56DFB330-4AED-4180-AB24-56705EF276DD}.Release|Any CPU.ActiveCfg = Release|Any CPU
		{56DFB330-4AED-4180-AB24-56705EF276DD}.Release|Any CPU.Build.0 = Release|Any CPU
	EndGlobalSection
	GlobalSection(SolutionProperties) = preSolution
		HideSolutionNode = FALSE
	EndGlobalSection
EndGlobal
